
Microsoft Visual Studio Solution File, Format Version 12.00
# Visual Studio Version 17
VisualStudioVersion = 17.5.33502.453
MinimumVisualStudioVersion = 10.0.40219.1
Project("{2150E333-8FDC-42A3-9474-1A3956D46DE8}") = "Frontend", "Frontend", "{7F828DB7-85B8-460C-BD69-9F4990A2FD93}"
EndProject
Project("{9A19103F-16F7-4668-BE54-9A1E7A4F7556}") = "Shop.Client", "Shop.Client\Shop.Client.csproj", "{19E7D967-A2D5-413E-BE15-51782E2DDB8E}"
EndProject
Project("{2150E333-8FDC-42A3-9474-1A3956D46DE8}") = "Services", "Services", "{C517D689-8BEB-43F2-A568-EFEE62EC2253}"
EndProject
Project("{9A19103F-16F7-4668-BE54-9A1E7A4F7556}") = "Services.ProductAPI", "Services.ProductAPI\Services.ProductAPI.csproj", "{ABB9E705-3899-45E7-B7E6-583A66860EC1}"
EndProject
Global
	GlobalSection(SolutionConfigurationPlatforms) = preSolution
		Debug|Any CPU = Debug|Any CPU
		Release|Any CPU = Release|Any CPU
	EndGlobalSection
	GlobalSection(ProjectConfigurationPlatforms) = postSolution
		{19E7D967-A2D5-413E-BE15-51782E2DDB8E}.Debug|Any CPU.ActiveCfg = Debug|Any CPU
		{19E7D967-A2D5-413E-BE15-51782E2DDB8E}.Debug|Any CPU.Build.0 = Debug|Any CPU
		{19E7D967-A2D5-413E-BE15-51782E2DDB8E}.Release|Any CPU.ActiveCfg = Release|Any CPU
		{19E7D967-A2D5-413E-BE15-51782E2DDB8E}.Release|Any CPU.Build.0 = Release|Any CPU
		{ABB9E705-3899-45E7-B7E6-583A66860EC1}.Debug|Any CPU.ActiveCfg = Debug|Any CPU
		{ABB9E705-3899-45E7-B7E6-583A66860EC1}.Debug|Any CPU.Build.0 = Debug|Any CPU
		{ABB9E705-3899-45E7-B7E6-583A66860EC1}.Release|Any CPU.ActiveCfg = Release|Any CPU
		{ABB9E705-3899-45E7-B7E6-583A66860EC1}.Release|Any CPU.Build.0 = Release|Any CPU
	EndGlobalSection
	GlobalSection(SolutionProperties) = preSolution
		HideSolutionNode = FALSE
	EndGlobalSection
	GlobalSection(NestedProjects) = preSolution
		{19E7D967-A2D5-413E-BE15-51782E2DDB8E} = {7F828DB7-85B8-460C-BD69-9F4990A2FD93}
		{ABB9E705-3899-45E7-B7E6-583A66860EC1} = {C517D689-8BEB-43F2-A568-EFEE62EC2253}
	EndGlobalSection
	GlobalSection(ExtensibilityGlobals) = postSolution
		SolutionGuid = {0AC8D446-ADD1-454F-B568-BB96B7F48D08}
	EndGlobalSection
EndGlobal
